
Microsoft Visual Studio Solution File, Format Version 12.00
# Visual Studio Version 16
VisualStudioVersion = 16.0.31829.152
MinimumVisualStudioVersion = 10.0.40219.1
Project("{FAE04EC0-301F-11D3-BF4B-00C04F79EFBC}") = "Class_17_Wpf", "Class_17_Wpf\Class_17_Wpf.csproj", "{285F97FA-EA85-4879-9F58-06314FDF5C60}"
EndProject
Global
	GlobalSection(SolutionConfigurationPlatforms) = preSolution
		Debug|Any CPU = Debug|Any CPU
		Release|Any CPU = Release|Any CPU
	EndGlobalSection
	GlobalSection(ProjectConfigurationPlatforms) = postSolution
		{285F97FA-EA85-4879-9F58-06314FDF5C60}.Debug|Any CPU.ActiveCfg = Debug|Any CPU
		{285F97FA-EA85-4879-9F58-06314FDF5C60}.Debug|Any CPU.Build.0 = Debug|Any CPU
		{285F97FA-EA85-4879-9F58-06314FDF5C60}.Release|Any CPU.ActiveCfg = Release|Any CPU
		{285F97FA-EA85-4879-9F58-06314FDF5C60}.Release|Any CPU.Build.0 = Release|Any CPU
	EndGlobalSection
	GlobalSection(SolutionProperties) = preSolution
		HideSolutionNode = FALSE
	EndGlobalSection
	GlobalSection(ExtensibilityGlobals) = postSolution
		SolutionGuid = {AFC6C5E2-B082-48DB-A9F3-2E8F6EF71773}
	EndGlobalSection
EndGlobal
